
Microsoft Visual Studio Solution File, Format Version 12.00
# Visual Studio 2013
VisualStudioVersion = 12.0.31101.0
MinimumVisualStudioVersion = 10.0.40219.1
Project("{FAE04EC0-301F-11D3-BF4B-00C04F79EFBC}") = "Clippy_mobile", "Clippy-mobile\Clippy_mobile\Clippy_mobile.csproj", "{E88CE720-25AD-48F6-B779-8D795CBF5F80}"
EndProject
Project("{FAE04EC0-301F-11D3-BF4B-00C04F79EFBC}") = "Clippy_mobile.iOS", "Clippy-mobile\Clippy_mobile.iOS\Clippy_mobile.iOS.csproj", "{88D849DA-49D6-4992-869E-631605C4BB00}"
EndProject
Project("{FAE04EC0-301F-11D3-BF4B-00C04F79EFBC}") = "Clippy_mobile.Droid", "Clippy-mobile\Clippy_mobile.Droid\Clippy_mobile.Droid.csproj", "{2AD147F6-9144-44A7-8663-C92193036D41}"
EndProject
Project("{FAE04EC0-301F-11D3-BF4B-00C04F79EFBC}") = "Clippy_mobile.WinPhone", "Clippy-mobile\Clippy_mobile.WinPhone\Clippy_mobile.WinPhone.csproj", "{D58B31B1-AAE6-4C2B-BF74-058C5F64FA7E}"
EndProject
Global
	GlobalSection(SolutionConfigurationPlatforms) = preSolution
		Ad-Hoc|Any CPU = Ad-Hoc|Any CPU
		Ad-Hoc|ARM = Ad-Hoc|ARM
		Ad-Hoc|iPhone = Ad-Hoc|iPhone
		Ad-Hoc|iPhoneSimulator = Ad-Hoc|iPhoneSimulator
		Ad-Hoc|Mixed Platforms = Ad-Hoc|Mixed Platforms
		Ad-Hoc|x86 = Ad-Hoc|x86
		AppStore|Any CPU = AppStore|Any CPU
		AppStore|ARM = AppStore|ARM
		AppStore|iPhone = AppStore|iPhone
		AppStore|iPhoneSimulator = AppStore|iPhoneSimulator
		AppStore|Mixed Platforms = AppStore|Mixed Platforms
		AppStore|x86 = AppStore|x86
		Debug|Any CPU = Debug|Any CPU
		Debug|ARM = Debug|ARM
		Debug|iPhone = Debug|iPhone
		Debug|iPhoneSimulator = Debug|iPhoneSimulator
		Debug|Mixed Platforms = Debug|Mixed Platforms
		Debug|x86 = Debug|x86
		Release|Any CPU = Release|Any CPU
		Release|ARM = Release|ARM
		Release|iPhone = Release|iPhone
		Release|iPhoneSimulator = Release|iPhoneSimulator
		Release|Mixed Platforms = Release|Mixed Platforms
		Release|x86 = Release|x86
	EndGlobalSection
	GlobalSection(ProjectConfigurationPlatforms) = postSolution
		{E88CE720-25AD-48F6-B779-8D795CBF5F80}.Ad-Hoc|Any CPU.ActiveCfg = Release|Any CPU
		{E88CE720-25AD-48F6-B779-8D795CBF5F80}.Ad-Hoc|Any CPU.Build.0 = Release|Any CPU
		{E88CE720-25AD-48F6-B779-8D795CBF5F80}.Ad-Hoc|ARM.ActiveCfg = Release|Any CPU
		{E88CE720-25AD-48F6-B779-8D795CBF5F80}.Ad-Hoc|iPhone.ActiveCfg = Release|Any CPU
		{E88CE720-25AD-48F6-B779-8D795CBF5F80}.Ad-Hoc|iPhoneSimulator.ActiveCfg = Release|Any CPU
		{E88CE720-25AD-48F6-B779-8D795CBF5F80}.Ad-Hoc|Mixed Platforms.ActiveCfg = Release|Any CPU
		{E88CE720-25AD-48F6-B779-8D795CBF5F80}.Ad-Hoc|Mixed Platforms.Build.0 = Release|Any CPU
		{E88CE720-25AD-48F6-B779-8D795CBF5F80}.Ad-Hoc|x86.ActiveCfg = Release|Any CPU
		{E88CE720-25AD-48F6-B779-8D795CBF5F80}.AppStore|Any CPU.ActiveCfg = Release|Any CPU
		{E88CE720-25AD-48F6-B779-8D795CBF5F80}.AppStore|Any CPU.Build.0 = Release|Any CPU
		{E88CE720-25AD-48F6-B779-8D795CBF5F80}.AppStore|ARM.ActiveCfg = Release|Any CPU
		{E88CE720-25AD-48F6-B779-8D795CBF5F80}.AppStore|iPhone.ActiveCfg = Release|Any CPU
		{E88CE720-25AD-48F6-B779-8D795CBF5F80}.AppStore|iPhoneSimulator.ActiveCfg = Release|Any CPU
		{E88CE720-25AD-48F6-B779-8D795CBF5F80}.AppStore|Mixed Platforms.ActiveCfg = Release|Any CPU
		{E88CE720-25AD-48F6-B779-8D795CBF5F80}.AppStore|Mixed Platforms.Build.0 = Release|Any CPU
		{E88CE720-25AD-48F6-B779-8D795CBF5F80}.AppStore|x86.ActiveCfg = Release|Any CPU
		{E88CE720-25AD-48F6-B779-8D795CBF5F80}.Debug|Any CPU.ActiveCfg = Debug|Any CPU
		{E88CE720-25AD-48F6-B779-8D795CBF5F80}.Debug|Any CPU.Build.0 = Debug|Any CPU
		{E88CE720-25AD-48F6-B779-8D795CBF5F80}.Debug|ARM.ActiveCfg = Debug|Any CPU
		{E88CE720-25AD-48F6-B779-8D795CBF5F80}.Debug|iPhone.ActiveCfg = Debug|Any CPU
		{E88CE720-25AD-48F6-B779-8D795CBF5F80}.Debug|iPhoneSimulator.ActiveCfg = Debug|Any CPU
		{E88CE720-25AD-48F6-B779-8D795CBF5F80}.Debug|Mixed Platforms.ActiveCfg = Debug|Any CPU
		{E88CE720-25AD-48F6-B779-8D795CBF5F80}.Debug|Mixed Platforms.Build.0 = Debug|Any CPU
		{E88CE720-25AD-48F6-B779-8D795CBF5F80}.Debug|x86.ActiveCfg = Debug|Any CPU
		{E88CE720-25AD-48F6-B779-8D795CBF5F80}.Release|Any CPU.ActiveCfg = Release|Any CPU
		{E88CE720-25AD-48F6-B779-8D795CBF5F80}.Release|Any CPU.Build.0 = Release|Any CPU
		{E88CE720-25AD-48F6-B779-8D795CBF5F80}.Release|ARM.ActiveCfg = Release|Any CPU
		{E88CE720-25AD-48F6-B779-8D795CBF5F80}.Release|iPhone.ActiveCfg = Release|Any CPU
		{E88CE720-25AD-48F6-B779-8D795CBF5F80}.Release|iPhoneSimulator.ActiveCfg = Release|Any CPU
		{E88CE720-25AD-48F6-B779-8D795CBF5F80}.Release|Mixed Platforms.ActiveCfg = Release|Any CPU
		{E88CE720-25AD-48F6-B779-8D795CBF5F80}.Release|Mixed Platforms.Build.0 = Release|Any CPU
		{E88CE720-25AD-48F6-B779-8D795CBF5F80}.Release|x86.ActiveCfg = Release|Any CPU
		{88D849DA-49D6-4992-869E-631605C4BB00}.Ad-Hoc|Any CPU.ActiveCfg = Ad-Hoc|iPhone
		{88D849DA-49D6-4992-869E-631605C4BB00}.Ad-Hoc|ARM.ActiveCfg = Ad-Hoc|iPhone
		{88D849DA-49D6-4992-869E-631605C4BB00}.Ad-Hoc|iPhone.ActiveCfg = Ad-Hoc|iPhone
		{88D849DA-49D6-4992-869E-631605C4BB00}.Ad-Hoc|iPhone.Build.0 = Ad-Hoc|iPhone
		{88D849DA-49D6-4992-869E-631605C4BB00}.Ad-Hoc|iPhoneSimulator.ActiveCfg = Ad-Hoc|iPhoneSimulator
		{88D849DA-49D6-4992-869E-631605C4BB00}.Ad-Hoc|iPhoneSimulator.Build.0 = Ad-Hoc|iPhoneSimulator
		{88D849DA-49D6-4992-869E-631605C4BB00}.Ad-Hoc|Mixed Platforms.ActiveCfg = Ad-Hoc|iPhone
		{88D849DA-49D6-4992-869E-631605C4BB00}.Ad-Hoc|Mixed Platforms.Build.0 = Ad-Hoc|iPhone
		{88D849DA-49D6-4992-869E-631605C4BB00}.Ad-Hoc|x86.ActiveCfg = Ad-Hoc|iPhone
		{88D849DA-49D6-4992-869E-631605C4BB00}.AppStore|Any CPU.ActiveCfg = AppStore|iPhone
		{88D849DA-49D6-4992-869E-631605C4BB00}.AppStore|ARM.ActiveCfg = AppStore|iPhone
		{88D849DA-49D6-4992-869E-631605C4BB00}.AppStore|iPhone.ActiveCfg = AppStore|iPhone
		{88D849DA-49D6-4992-869E-631605C4BB00}.AppStore|iPhone.Build.0 = AppStore|iPhone
		{88D849DA-49D6-4992-869E-631605C4BB00}.AppStore|iPhoneSimulator.ActiveCfg = AppStore|iPhoneSimulator
		{88D849DA-49D6-4992-869E-631605C4BB00}.AppStore|iPhoneSimulator.Build.0 = AppStore|iPhoneSimulator
		{88D849DA-49D6-4992-869E-631605C4BB00}.AppStore|Mixed Platforms.ActiveCfg = AppStore|iPhone
		{88D849DA-49D6-4992-869E-631605C4BB00}.AppStore|Mixed Platforms.Build.0 = AppStore|iPhone
		{88D849DA-49D6-4992-869E-631605C4BB00}.AppStore|x86.ActiveCfg = AppStore|iPhone
		{88D849DA-49D6-4992-869E-631605C4BB00}.Debug|Any CPU.ActiveCfg = Debug|iPhone
		{88D849DA-49D6-4992-869E-631605C4BB00}.Debug|ARM.ActiveCfg = Debug|iPhone
		{88D849DA-49D6-4992-869E-631605C4BB00}.Debug|iPhone.ActiveCfg = Debug|iPhone
		{88D849DA-49D6-4992-869E-631605C4BB00}.Debug|iPhone.Build.0 = Debug|iPhone
		{88D849DA-49D6-4992-869E-631605C4BB00}.Debug|iPhoneSimulator.ActiveCfg = Debug|iPhoneSimulator
		{88D849DA-49D6-4992-869E-631605C4BB00}.Debug|iPhoneSimulator.Build.0 = Debug|iPhoneSimulator
		{88D849DA-49D6-4992-869E-631605C4BB00}.Debug|Mixed Platforms.ActiveCfg = Debug|iPhone
		{88D849DA-49D6-4992-869E-631605C4BB00}.Debug|Mixed Platforms.Build.0 = Debug|iPhone
		{88D849DA-49D6-4992-869E-631605C4BB00}.Debug|x86.ActiveCfg = Debug|iPhone
		{88D849DA-49D6-4992-869E-631605C4BB00}.Release|Any CPU.ActiveCfg = Release|iPhone
		{88D849DA-49D6-4992-869E-631605C4BB00}.Release|ARM.ActiveCfg = Release|iPhone
		{88D849DA-49D6-4992-869E-631605C4BB00}.Release|iPhone.ActiveCfg = Release|iPhone
		{88D849DA-49D6-4992-869E-631605C4BB00}.Release|iPhone.Build.0 = Release|iPhone
		{88D849DA-49D6-4992-869E-631605C4BB00}.Release|iPhoneSimulator.ActiveCfg = Release|iPhoneSimulator
		{88D849DA-49D6-4992-869E-631605C4BB00}.Release|iPhoneSimulator.Build.0 = Release|iPhoneSimulator
		{88D849DA-49D6-4992-869E-631605C4BB00}.Release|Mixed Platforms.ActiveCfg = Release|iPhone
		{88D849DA-49D6-4992-869E-631605C4BB00}.Release|Mixed Platforms.Build.0 = Release|iPhone
		{88D849DA-49D6-4992-869E-631605C4BB00}.Release|x86.ActiveCfg = Release|iPhone
		{2AD147F6-9144-44A7-8663-C92193036D41}.Ad-Hoc|Any CPU.ActiveCfg = Release|Any CPU
		{2AD147F6-9144-44A7-8663-C92193036D41}.Ad-Hoc|Any CPU.Build.0 = Release|Any CPU
		{2AD147F6-9144-44A7-8663-C92193036D41}.Ad-Hoc|Any CPU.Deploy.0 = Release|Any CPU
		{2AD147F6-9144-44A7-8663-C92193036D41}.Ad-Hoc|ARM.ActiveCfg = Release|Any CPU
		{2AD147F6-9144-44A7-8663-C92193036D41}.Ad-Hoc|iPhone.ActiveCfg = Release|Any CPU
		{2AD147F6-9144-44A7-8663-C92193036D41}.Ad-Hoc|iPhoneSimulator.ActiveCfg = Release|Any CPU
		{2AD147F6-9144-44A7-8663-C92193036D41}.Ad-Hoc|Mixed Platforms.ActiveCfg = Release|Any CPU
		{2AD147F6-9144-44A7-8663-C92193036D41}.Ad-Hoc|Mixed Platforms.Build.0 = Release|Any CPU
		{2AD147F6-9144-44A7-8663-C92193036D41}.Ad-Hoc|Mixed Platforms.Deploy.0 = Release|Any CPU
		{2AD147F6-9144-44A7-8663-C92193036D41}.Ad-Hoc|x86.ActiveCfg = Release|Any CPU
		{2AD147F6-9144-44A7-8663-C92193036D41}.AppStore|Any CPU.ActiveCfg = Release|Any CPU
		{2AD147F6-9144-44A7-8663-C92193036D41}.AppStore|Any CPU.Build.0 = Release|Any CPU
		{2AD147F6-9144-44A7-8663-C92193036D41}.AppStore|Any CPU.Deploy.0 = Release|Any CPU
		{2AD147F6-9144-44A7-8663-C92193036D41}.AppStore|ARM.ActiveCfg = Release|Any CPU
		{2AD147F6-9144-44A7-8663-C92193036D41}.AppStore|iPhone.ActiveCfg = Release|Any CPU
		{2AD147F6-9144-44A7-8663-C92193036D41}.AppStore|iPhoneSimulator.ActiveCfg = Release|Any CPU
		{2AD147F6-9144-44A7-8663-C92193036D41}.AppStore|Mixed Platforms.ActiveCfg = Release|Any CPU
		{2AD147F6-9144-44A7-8663-C92193036D41}.AppStore|Mixed Platforms.Build.0 = Release|Any CPU
		{2AD147F6-9144-44A7-8663-C92193036D41}.AppStore|Mixed Platforms.Deploy.0 = Release|Any CPU
		{2AD147F6-9144-44A7-8663-C92193036D41}.AppStore|x86.ActiveCfg = Release|Any CPU
		{2AD147F6-9144-44A7-8663-C92193036D41}.Debug|Any CPU.ActiveCfg = Debug|Any CPU
		{2AD147F6-9144-44A7-8663-C92193036D41}.Debug|Any CPU.Build.0 = Debug|Any CPU
		{2AD147F6-9144-44A7-8663-C92193036D41}.Debug|Any CPU.Deploy.0 = Debug|Any CPU
		{2AD147F6-9144-44A7-8663-C92193036D41}.Debug|ARM.ActiveCfg = Debug|Any CPU
		{2AD147F6-9144-44A7-8663-C92193036D41}.Debug|iPhone.ActiveCfg = Debug|Any CPU
		{2AD147F6-9144-44A7-8663-C92193036D41}.Debug|iPhoneSimulator.ActiveCfg = Debug|Any CPU
		{2AD147F6-9144-44A7-8663-C92193036D41}.Debug|Mixed Platforms.ActiveCfg = Debug|Any CPU
		{2AD147F6-9144-44A7-8663-C92193036D41}.Debug|Mixed Platforms.Build.0 = Debug|Any CPU
		{2AD147F6-9144-44A7-8663-C92193036D41}.Debug|Mixed Platforms.Deploy.0 = Debug|Any CPU
		{2AD147F6-9144-44A7-8663-C92193036D41}.Debug|x86.ActiveCfg = Debug|Any CPU
		{2AD147F6-9144-44A7-8663-C92193036D41}.Release|Any CPU.ActiveCfg = Release|Any CPU
		{2AD147F6-9144-44A7-8663-C92193036D41}.Release|Any CPU.Build.0 = Release|Any CPU
		{2AD147F6-9144-44A7-8663-C92193036D41}.Release|Any CPU.Deploy.0 = Release|Any CPU
		{2AD147F6-9144-44A7-8663-C92193036D41}.Release|ARM.ActiveCfg = Release|Any CPU
		{2AD147F6-9144-44A7-8663-C92193036D41}.Release|iPhone.ActiveCfg = Release|Any CPU
		{2AD147F6-9144-44A7-8663-C92193036D41}.Release|iPhoneSimulator.ActiveCfg = Release|Any CPU
		{2AD147F6-9144-44A7-8663-C92193036D41}.Release|Mixed Platforms.ActiveCfg = Release|Any CPU
		{2AD147F6-9144-44A7-8663-C92193036D41}.Release|Mixed Platforms.Build.0 = Release|Any CPU
		{2AD147F6-9144-44A7-8663-C92193036D41}.Release|Mixed Platforms.Deploy.0 = Release|Any CPU
		{2AD147F6-9144-44A7-8663-C92193036D41}.Release|x86.ActiveCfg = Release|Any CPU
		{D58B31B1-AAE6-4C2B-BF74-058C5F64FA7E}.Ad-Hoc|Any CPU.ActiveCfg = Release|Any CPU
		{D58B31B1-AAE6-4C2B-BF74-058C5F64FA7E}.Ad-Hoc|Any CPU.Build.0 = Release|Any CPU
		{D58B31B1-AAE6-4C2B-BF74-058C5F64FA7E}.Ad-Hoc|Any CPU.Deploy.0 = Release|Any CPU
		{D58B31B1-AAE6-4C2B-BF74-058C5F64FA7E}.Ad-Hoc|ARM.ActiveCfg = Release|ARM
		{D58B31B1-AAE6-4C2B-BF74-058C5F64FA7E}.Ad-Hoc|ARM.Build.0 = Release|ARM
		{D58B31B1-AAE6-4C2B-BF74-058C5F64FA7E}.Ad-Hoc|ARM.Deploy.0 = Release|ARM
		{D58B31B1-AAE6-4C2B-BF74-058C5F64FA7E}.Ad-Hoc|iPhone.ActiveCfg = Release|Any CPU
		{D58B31B1-AAE6-4C2B-BF74-058C5F64FA7E}.Ad-Hoc|iPhoneSimulator.ActiveCfg = Release|Any CPU
		{D58B31B1-AAE6-4C2B-BF74-058C5F64FA7E}.Ad-Hoc|Mixed Platforms.ActiveCfg = Release|x86
		{D58B31B1-AAE6-4C2B-BF74-058C5F64FA7E}.Ad-Hoc|Mixed Platforms.Build.0 = Release|x86
		{D58B31B1-AAE6-4C2B-BF74-058C5F64FA7E}.Ad-Hoc|Mixed Platforms.Deploy.0 = Release|x86
		{D58B31B1-AAE6-4C2B-BF74-058C5F64FA7E}.Ad-Hoc|x86.ActiveCfg = Release|x86
		{D58B31B1-AAE6-4C2B-BF74-058C5F64FA7E}.Ad-Hoc|x86.Build.0 = Release|x86
		{D58B31B1-AAE6-4C2B-BF74-058C5F64FA7E}.Ad-Hoc|x86.Deploy.0 = Release|x86
		{D58B31B1-AAE6-4C2B-BF74-058C5F64FA7E}.AppStore|Any CPU.ActiveCfg = Release|Any CPU
		{D58B31B1-AAE6-4C2B-BF74-058C5F64FA7E}.AppStore|Any CPU.Build.0 = Release|Any CPU
		{D58B31B1-AAE6-4C2B-BF74-058C5F64FA7E}.AppStore|Any CPU.Deploy.0 = Release|Any CPU
		{D58B31B1-AAE6-4C2B-BF74-058C5F64FA7E}.AppStore|ARM.ActiveCfg = Release|ARM
		{D58B31B1-AAE6-4C2B-BF74-058C5F64FA7E}.AppStore|ARM.Build.0 = Release|ARM
		{D58B31B1-AAE6-4C2B-BF74-058C5F64FA7E}.AppStore|ARM.Deploy.0 = Release|ARM
		{D58B31B1-AAE6-4C2B-BF74-058C5F64FA7E}.AppStore|iPhone.ActiveCfg = Release|Any CPU
		{D58B31B1-AAE6-4C2B-BF74-058C5F64FA7E}.AppStore|iPhoneSimulator.ActiveCfg = Release|Any CPU
		{D58B31B1-AAE6-4C2B-BF74-058C5F64FA7E}.AppStore|Mixed Platforms.ActiveCfg = Release|x86
		{D58B31B1-AAE6-4C2B-BF74-058C5F64FA7E}.AppStore|Mixed Platforms.Build.0 = Release|x86
		{D58B31B1-AAE6-4C2B-BF74-058C5F64FA7E}.AppStore|Mixed Platforms.Deploy.0 = Release|x86
		{D58B31B1-AAE6-4C2B-BF74-058C5F64FA7E}.AppStore|x86.ActiveCfg = Release|x86
		{D58B31B1-AAE6-4C2B-BF74-058C5F64FA7E}.AppStore|x86.Build.0 = Release|x86
		{D58B31B1-AAE6-4C2B-BF74-058C5F64FA7E}.AppStore|x86.Deploy.0 = Release|x86
		{D58B31B1-AAE6-4C2B-BF74-058C5F64FA7E}.Debug|Any CPU.ActiveCfg = Debug|Any CPU
		{D58B31B1-AAE6-4C2B-BF74-058C5F64FA7E}.Debug|Any CPU.Build.0 = Debug|Any CPU
		{D58B31B1-AAE6-4C2B-BF74-058C5F64FA7E}.Debug|Any CPU.Deploy.0 = Debug|Any CPU
		{D58B31B1-AAE6-4C2B-BF74-058C5F64FA7E}.Debug|ARM.ActiveCfg = Debug|ARM
		{D58B31B1-AAE6-4C2B-BF74-058C5F64FA7E}.Debug|ARM.Build.0 = Debug|ARM
		{D58B31B1-AAE6-4C2B-BF74-058C5F64FA7E}.Debug|ARM.Deploy.0 = Debug|ARM
		{D58B31B1-AAE6-4C2B-BF74-058C5F64FA7E}.Debug|iPhone.ActiveCfg = Debug|Any CPU
		{D58B31B1-AAE6-4C2B-BF74-058C5F64FA7E}.Debug|iPhoneSimulator.ActiveCfg = Debug|Any CPU
		{D58B31B1-AAE6-4C2B-BF74-058C5F64FA7E}.Debug|Mixed Platforms.ActiveCfg = Debug|x86
		{D58B31B1-AAE6-4C2B-BF74-058C5F64FA7E}.Debug|Mixed Platforms.Build.0 = Debug|x86
		{D58B31B1-AAE6-4C2B-BF74-058C5F64FA7E}.Debug|Mixed Platforms.Deploy.0 = Debug|x86
		{D58B31B1-AAE6-4C2B-BF74-058C5F64FA7E}.Debug|x86.ActiveCfg = Debug|x86
		{D58B31B1-AAE6-4C2B-BF74-058C5F64FA7E}.Debug|x86.Build.0 = Debug|x86
		{D58B31B1-AAE6-4C2B-BF74-058C5F64FA7E}.Debug|x86.Deploy.0 = Debug|x86
		{D58B31B1-AAE6-4C2B-BF74-058C5F64FA7E}.Release|Any CPU.ActiveCfg = Release|Any CPU
		{D58B31B1-AAE6-4C2B-BF74-058C5F64FA7E}.Release|Any CPU.Build.0 = Release|Any CPU
		{D58B31B1-AAE6-4C2B-BF74-058C5F64FA7E}.Release|Any CPU.Deploy.0 = Release|Any CPU
		{D58B31B1-AAE6-4C2B-BF74-058C5F64FA7E}.Release|ARM.ActiveCfg = Release|ARM
		{D58B31B1-AAE6-4C2B-BF74-058C5F64FA7E}.Release|ARM.Build.0 = Release|ARM
		{D58B31B1-AAE6-4C2B-BF74-058C5F64FA7E}.Release|ARM.Deploy.0 = Release|ARM
		{D58B31B1-AAE6-4C2B-BF74-058C5F64FA7E}.Release|iPhone.ActiveCfg = Release|Any CPU
		{D58B31B1-AAE6-4C2B-BF74-058C5F64FA7E}.Release|iPhoneSimulator.ActiveCfg = Release|Any CPU
		{D58B31B1-AAE6-4C2B-BF74-058C5F64FA7E}.Release|Mixed Platforms.ActiveCfg = Release|x86
		{D58B31B1-AAE6-4C2B-BF74-058C5F64FA7E}.Release|Mixed Platforms.Build.0 = Release|x86
		{D58B31B1-AAE6-4C2B-BF74-058C5F64FA7E}.Release|Mixed Platforms.Deploy.0 = Release|x86
		{D58B31B1-AAE6-4C2B-BF74-058C5F64FA7E}.Release|x86.ActiveCfg = Release|x86
		{D58B31B1-AAE6-4C2B-BF74-058C5F64FA7E}.Release|x86.Build.0 = Release|x86
		{D58B31B1-AAE6-4C2B-BF74-058C5F64FA7E}.Release|x86.Deploy.0 = Release|x86
	EndGlobalSection
	GlobalSection(SolutionProperties) = preSolution
		HideSolutionNode = FALSE
	EndGlobalSection
EndGlobal
